{
  "name": "portfolio",
  "lockfileVersion": 2,
  "requires": true,
  "packages": {
    "": {
      "dependencies": {
        "encom-globe-fixed": "^0.0.4"
      }
    },
    "node_modules/encom-globe-fixed": {
      "version": "0.0.4",
      "resolved": "https://registry.npmjs.org/encom-globe-fixed/-/encom-globe-fixed-0.0.4.tgz",
      "integrity": "sha512-ccf9zAD3yHiu3Zm+6kM6dALYoKekITWMMZupqopGlcvFjFcr7I4H7PYOBQO4iShiiPGQ2FbinL6Ke+wBCdtPZw==",
      "dependencies": {
        "hexasphere.js": "*",
        "pusher.color": "~0.2.4",
        "quadtree2": "~0.5.3",
        "three": "~0.66.2",
        "tween.js": "~0.13.0",
        "vec2": "~1.5.0"
      }
    },
    "node_modules/hexasphere.js": {
      "version": "0.2.2",
      "resolved": "https://registry.npmjs.org/hexasphere.js/-/hexasphere.js-0.2.2.tgz",
      "integrity": "sha1-/5Lehll2V0TARPdtRUPSP6FP1JI="
    },
    "node_modules/pusher.color": {
      "version": "0.2.4",
      "resolved": "https://registry.npmjs.org/pusher.color/-/pusher.color-0.2.4.tgz",
      "integrity": "sha1-mPFaes+jdMOc03qySOn88R9/y5k=",
      "dependencies": {
        "underscore": "1.4.x"
      }
    },
    "node_modules/quadtree2": {
      "version": "0.5.4",
      "resolved": "https://registry.npmjs.org/quadtree2/-/quadtree2-0.5.4.tgz",
      "integrity": "sha1-vXzdZPK+r4fItaN4twff3VQWJZc=",
      "dependencies": {
        "vec2": "1.4.0"
      },
      "engines": {
        "node": ">= 0.10.0"
      }
    },
    "node_modules/quadtree2/node_modules/vec2": {
      "version": "1.4.0",
      "resolved": "https://registry.npmjs.org/vec2/-/vec2-1.4.0.tgz",
      "integrity": "sha1-RyR6bjmH9epmUl/cg6l1mWOxoqY="
    },
    "node_modules/three": {
      "version": "0.66.97",
      "resolved": "https://registry.npmjs.org/three/-/three-0.66.97.tgz",
      "integrity": "sha1-q//8fk7O2iR949b86BDqT0TSpVk=",
      "engines": {
        "node": "*"
      }
    },
    "node_modules/tween.js": {
      "version": "0.13.0",
      "resolved": "https://registry.npmjs.org/tween.js/-/tween.js-0.13.0.tgz",
      "integrity": "sha1-PSeLNITyAoaqBSgGFc6nbSs9bJg=",
      "deprecated": "This package has moved to @tweenjs/tween.js. Please update your dependencies."
    },
    "node_modules/underscore": {
      "version": "1.4.4",
      "resolved": "https://registry.npmjs.org/underscore/-/underscore-1.4.4.tgz",
      "integrity": "sha1-YaajIBBiKvoHljvzJSA88SI51gQ="
    },
    "node_modules/vec2": {
      "version": "1.5.0",
      "resolved": "https://registry.npmjs.org/vec2/-/vec2-1.5.0.tgz",
      "integrity": "sha1-eU6jY3E21ffQxyF4dL9RDtyCoc4="
    }
  },
  "dependencies": {
    "encom-globe-fixed": {
      "version": "0.0.4",
      "resolved": "https://registry.npmjs.org/encom-globe-fixed/-/encom-globe-fixed-0.0.4.tgz",
      "integrity": "sha512-ccf9zAD3yHiu3Zm+6kM6dALYoKekITWMMZupqopGlcvFjFcr7I4H7PYOBQO4iShiiPGQ2FbinL6Ke+wBCdtPZw==",
      "requires": {
        "hexasphere.js": "*",
        "pusher.color": "~0.2.4",
        "quadtree2": "~0.5.3",
        "three": "~0.66.2",
        "tween.js": "~0.13.0",
        "vec2": "~1.5.0"
      }
    },
    "hexasphere.js": {
      "version": "0.2.2",
      "resolved": "https://registry.npmjs.org/hexasphere.js/-/hexasphere.js-0.2.2.tgz",
      "integrity": "sha1-/5Lehll2V0TARPdtRUPSP6FP1JI="
    },
    "pusher.color": {
      "version": "0.2.4",
      "resolved": "https://registry.npmjs.org/pusher.color/-/pusher.color-0.2.4.tgz",
      "integrity": "sha1-mPFaes+jdMOc03qySOn88R9/y5k=",
      "requires": {
        "underscore": "1.4.x"
      }
    },
    "quadtree2": {
      "version": "0.5.4",
      "resolved": "https://registry.npmjs.org/quadtree2/-/quadtree2-0.5.4.tgz",
      "integrity": "sha1-vXzdZPK+r4fItaN4twff3VQWJZc=",
      "requires": {
        "vec2": "1.4.0"
      },
      "dependencies": {
        "vec2": {
          "version": "1.4.0",
          "resolved": "https://registry.npmjs.org/vec2/-/vec2-1.4.0.tgz",
          "integrity": "sha1-RyR6bjmH9epmUl/cg6l1mWOxoqY="
        }
      }
    },
    "three": {
      "version": "0.66.97",
      "resolved": "https://registry.npmjs.org/three/-/three-0.66.97.tgz",
      "integrity": "sha1-q//8fk7O2iR949b86BDqT0TSpVk="
    },
    "tween.js": {
      "version": "0.13.0",
      "resolved": "https://registry.npmjs.org/tween.js/-/tween.js-0.13.0.tgz",
      "integrity": "sha1-PSeLNITyAoaqBSgGFc6nbSs9bJg="
    },
    "underscore": {
      "version": "1.4.4",
      "resolved": "https://registry.npmjs.org/underscore/-/underscore-1.4.4.tgz",
      "integrity": "sha1-YaajIBBiKvoHljvzJSA88SI51gQ="
    },
    "vec2": {
      "version": "1.5.0",
      "resolved": "https://registry.npmjs.org/vec2/-/vec2-1.5.0.tgz",
      "integrity": "sha1-eU6jY3E21ffQxyF4dL9RDtyCoc4="
    }
  }
}
